// !$*UTF8*$!
{
	archiveVersion = 1;
	classes = {
	};
	objectVersion = 77;
	objects = {

/* Begin PBXBuildFile section */
		4A4395192D8340A400E5EA47 /* Preview Assets.xcassets in Resources */ = {isa = PBXBuildFile; fileRef = 4A43950F2D8340A400E5EA47 /* Preview Assets.xcassets */; };
		4A43951A2D8340A400E5EA47 /* Assets.xcassets in Resources */ = {isa = PBXBuildFile; fileRef = 4A4395142D8340A400E5EA47 /* Assets.xcassets */; };
		4A43951B2D8340A400E5EA47 /* EditableList.swift in Sources */ = {isa = PBXBuildFile; fileRef = 4A43950D2D8340A400E5EA47 /* EditableList.swift */; };
		4A43951C2D8340A400E5EA47 /* ContentView.swift in Sources */ = {isa = PBXBuildFile; fileRef = 4A4395112D8340A400E5EA47 /* ContentView.swift */; };
		4A43951E2D8340A400E5EA47 /* EditableListProtocol.swift in Sources */ = {isa = PBXBuildFile; fileRef = 4A4395152D8340A400E5EA47 /* EditableListProtocol.swift */; };
		4A43951F2D8340A400E5EA47 /* ListProtocolUIApp.swift in Sources */ = {isa = PBXBuildFile; fileRef = 4A4395172D8340A400E5EA47 /* ListProtocolUIApp.swift */; };
		4AB57C622D835C65004E1301 /* EditableRow.swift in Sources */ = {isa = PBXBuildFile; fileRef = 4AB57C612D835C65004E1301 /* EditableRow.swift */; };
		4AE6AE0A2D83647C00C1EBDF /* EditableRowView.swift in Sources */ = {isa = PBXBuildFile; fileRef = 4AE6AE092D83647C00C1EBDF /* EditableRowView.swift */; };
		4AE6AE102D836E0500C1EBDF /* EditableListView.swift in Sources */ = {isa = PBXBuildFile; fileRef = 4AE6AE0F2D836E0500C1EBDF /* EditableListView.swift */; };
		4AE6AE122D83708D00C1EBDF /* EditableRowProtocol.swift in Sources */ = {isa = PBXBuildFile; fileRef = 4AE6AE112D83708D00C1EBDF /* EditableRowProtocol.swift */; };
		4AE6AE142D83730E00C1EBDF /* README.md in Resources */ = {isa = PBXBuildFile; fileRef = 4AE6AE132D83730E00C1EBDF /* README.md */; };
/* End PBXBuildFile section */

/* Begin PBXContainerItemProxy section */
		4A4394BC2D81D5B000E5EA47 /* PBXContainerItemProxy */ = {
			isa = PBXContainerItemProxy;
			containerPortal = 4A4394A22D81D5AF00E5EA47 /* Project object */;
			proxyType = 1;
			remoteGlobalIDString = 4A4394A92D81D5AF00E5EA47;
			remoteInfo = ListProtocolUI;
		};
		4A4394C62D81D5B000E5EA47 /* PBXContainerItemProxy */ = {
			isa = PBXContainerItemProxy;
			containerPortal = 4A4394A22D81D5AF00E5EA47 /* Project object */;
			proxyType = 1;
			remoteGlobalIDString = 4A4394A92D81D5AF00E5EA47;
			remoteInfo = ListProtocolUI;
		};
/* End PBXContainerItemProxy section */

/* Begin PBXFileReference section */
		4A4394AA2D81D5AF00E5EA47 /* ListProtocolUI.app */ = {isa = PBXFileReference; explicitFileType = wrapper.application; includeInIndex = 0; path = ListProtocolUI.app; sourceTree = BUILT_PRODUCTS_DIR; };
		4A4394BB2D81D5B000E5EA47 /* ListProtocolUITests.xctest */ = {isa = PBXFileReference; explicitFileType = wrapper.cfbundle; includeInIndex = 0; path = ListProtocolUITests.xctest; sourceTree = BUILT_PRODUCTS_DIR; };
		4A4394C52D81D5B000E5EA47 /* ListProtocolUIUITests.xctest */ = {isa = PBXFileReference; explicitFileType = wrapper.cfbundle; includeInIndex = 0; path = ListProtocolUIUITests.xctest; sourceTree = BUILT_PRODUCTS_DIR; };
		4A43950D2D8340A400E5EA47 /* EditableList.swift */ = {isa = PBXFileReference; lastKnownFileType = sourcecode.swift; path = EditableList.swift; sourceTree = "<group>"; };
		4A43950F2D8340A400E5EA47 /* Preview Assets.xcassets */ = {isa = PBXFileReference; lastKnownFileType = folder.assetcatalog; path = "Preview Assets.xcassets"; sourceTree = "<group>"; };
		4A4395112D8340A400E5EA47 /* ContentView.swift */ = {isa = PBXFileReference; lastKnownFileType = sourcecode.swift; path = ContentView.swift; sourceTree = "<group>"; };
		4A4395142D8340A400E5EA47 /* Assets.xcassets */ = {isa = PBXFileReference; lastKnownFileType = folder.assetcatalog; path = Assets.xcassets; sourceTree = "<group>"; };
		4A4395152D8340A400E5EA47 /* EditableListProtocol.swift */ = {isa = PBXFileReference; lastKnownFileType = sourcecode.swift; path = EditableListProtocol.swift; sourceTree = "<group>"; };
		4A4395162D8340A400E5EA47 /* ListProtocolUI.entitlements */ = {isa = PBXFileReference; lastKnownFileType = text.plist.entitlements; path = ListProtocolUI.entitlements; sourceTree = "<group>"; };
		4A4395172D8340A400E5EA47 /* ListProtocolUIApp.swift */ = {isa = PBXFileReference; lastKnownFileType = sourcecode.swift; path = ListProtocolUIApp.swift; sourceTree = "<group>"; };
		4AB57C612D835C65004E1301 /* EditableRow.swift */ = {isa = PBXFileReference; lastKnownFileType = sourcecode.swift; path = EditableRow.swift; sourceTree = "<group>"; };
		4AE6AE092D83647C00C1EBDF /* EditableRowView.swift */ = {isa = PBXFileReference; lastKnownFileType = sourcecode.swift; path = EditableRowView.swift; sourceTree = "<group>"; };
		4AE6AE0F2D836E0500C1EBDF /* EditableListView.swift */ = {isa = PBXFileReference; lastKnownFileType = sourcecode.swift; path = EditableListView.swift; sourceTree = "<group>"; };
		4AE6AE112D83708D00C1EBDF /* EditableRowProtocol.swift */ = {isa = PBXFileReference; lastKnownFileType = sourcecode.swift; path = EditableRowProtocol.swift; sourceTree = "<group>"; };
		4AE6AE132D83730E00C1EBDF /* README.md */ = {isa = PBXFileReference; lastKnownFileType = net.daringfireball.markdown; path = README.md; sourceTree = "<group>"; };
/* End PBXFileReference section */

/* Begin PBXFileSystemSynchronizedRootGroup section */
		4A4394BE2D81D5B000E5EA47 /* ListProtocolUITests */ = {
			isa = PBXFileSystemSynchronizedRootGroup;
			path = ListProtocolUITests;
			sourceTree = "<group>";
		};
		4A4394C82D81D5B000E5EA47 /* ListProtocolUIUITests */ = {
			isa = PBXFileSystemSynchronizedRootGroup;
			path = ListProtocolUIUITests;
			sourceTree = "<group>";
		};
/* End PBXFileSystemSynchronizedRootGroup section */

/* Begin PBXFrameworksBuildPhase section */
		4A4394A72D81D5AF00E5EA47 /* Frameworks */ = {
			isa = PBXFrameworksBuildPhase;
			buildActionMask = 2147483647;
			files = (
			);
			runOnlyForDeploymentPostprocessing = 0;
		};
		4A4394B82D81D5B000E5EA47 /* Frameworks */ = {
			isa = PBXFrameworksBuildPhase;
			buildActionMask = 2147483647;
			files = (
			);
			runOnlyForDeploymentPostprocessing = 0;
		};
		4A4394C22D81D5B000E5EA47 /* Frameworks */ = {
			isa = PBXFrameworksBuildPhase;
			buildActionMask = 2147483647;
			files = (
			);
			runOnlyForDeploymentPostprocessing = 0;
		};
/* End PBXFrameworksBuildPhase section */

/* Begin PBXGroup section */
		4A4394A12D81D5AF00E5EA47 = {
			isa = PBXGroup;
			children = (
				4AE6AE132D83730E00C1EBDF /* README.md */,
				4A4395182D8340A400E5EA47 /* ListProtocolUI */,
				4A4394BE2D81D5B000E5EA47 /* ListProtocolUITests */,
				4A4394C82D81D5B000E5EA47 /* ListProtocolUIUITests */,
				4A4394AB2D81D5AF00E5EA47 /* Products */,
			);
			sourceTree = "<group>";
		};
		4A4394AB2D81D5AF00E5EA47 /* Products */ = {
			isa = PBXGroup;
			children = (
				4A4394AA2D81D5AF00E5EA47 /* ListProtocolUI.app */,
				4A4394BB2D81D5B000E5EA47 /* ListProtocolUITests.xctest */,
				4A4394C52D81D5B000E5EA47 /* ListProtocolUIUITests.xctest */,
			);
			name = Products;
			sourceTree = "<group>";
		};
		4A43950E2D8340A400E5EA47 /* Models */ = {
			isa = PBXGroup;
			children = (
				4A4395152D8340A400E5EA47 /* EditableListProtocol.swift */,
				4AE6AE112D83708D00C1EBDF /* EditableRowProtocol.swift */,
				4A43950D2D8340A400E5EA47 /* EditableList.swift */,
				4AB57C612D835C65004E1301 /* EditableRow.swift */,
			);
			path = Models;
			sourceTree = "<group>";
		};
		4A4395102D8340A400E5EA47 /* Preview Content */ = {
			isa = PBXGroup;
			children = (
				4A43950F2D8340A400E5EA47 /* Preview Assets.xcassets */,
			);
			path = "Preview Content";
			sourceTree = "<group>";
		};
		4A4395132D8340A400E5EA47 /* Views */ = {
			isa = PBXGroup;
			children = (
				4A4395112D8340A400E5EA47 /* ContentView.swift */,
				4AE6AE0F2D836E0500C1EBDF /* EditableListView.swift */,
				4AE6AE092D83647C00C1EBDF /* EditableRowView.swift */,
			);
			path = Views;
			sourceTree = "<group>";
		};
		4A4395182D8340A400E5EA47 /* ListProtocolUI */ = {
			isa = PBXGroup;
			children = (
				4A4395172D8340A400E5EA47 /* ListProtocolUIApp.swift */,
				4A43950E2D8340A400E5EA47 /* Models */,
				4A4395132D8340A400E5EA47 /* Views */,
				4A4395142D8340A400E5EA47 /* Assets.xcassets */,
				4A4395162D8340A400E5EA47 /* ListProtocolUI.entitlements */,
				4A4395102D8340A400E5EA47 /* Preview Content */,
			);
			path = ListProtocolUI;
			sourceTree = "<group>";
		};
/* End PBXGroup section */

/* Begin PBXNativeTarget section */
		4A4394A92D81D5AF00E5EA47 /* ListProtocolUI */ = {
			isa = PBXNativeTarget;
			buildConfigurationList = 4A4394CF2D81D5B000E5EA47 /* Build configuration list for PBXNativeTarget "ListProtocolUI" */;
			buildPhases = (
				4A4394A62D81D5AF00E5EA47 /* Sources */,
				4A4394A72D81D5AF00E5EA47 /* Frameworks */,
				4A4394A82D81D5AF00E5EA47 /* Resources */,
			);
			buildRules = (
			);
			dependencies = (
			);
			name = ListProtocolUI;
			packageProductDependencies = (
			);
			productName = ListProtocolUI;
			productReference = 4A4394AA2D81D5AF00E5EA47 /* ListProtocolUI.app */;
			productType = "com.apple.product-type.application";
		};
		4A4394BA2D81D5B000E5EA47 /* ListProtocolUITests */ = {
			isa = PBXNativeTarget;
			buildConfigurationList = 4A4394D22D81D5B000E5EA47 /* Build configuration list for PBXNativeTarget "ListProtocolUITests" */;
			buildPhases = (
				4A4394B72D81D5B000E5EA47 /* Sources */,
				4A4394B82D81D5B000E5EA47 /* Frameworks */,
				4A4394B92D81D5B000E5EA47 /* Resources */,
			);
			buildRules = (
			);
			dependencies = (
				4A4394BD2D81D5B000E5EA47 /* PBXTargetDependency */,
			);
			fileSystemSynchronizedGroups = (
				4A4394BE2D81D5B000E5EA47 /* ListProtocolUITests */,
			);
			name = ListProtocolUITests;
			packageProductDependencies = (
			);
			productName = ListProtocolUITests;
			productReference = 4A4394BB2D81D5B000E5EA47 /* ListProtocolUITests.xctest */;
			productType = "com.apple.product-type.bundle.unit-test";
		};
		4A4394C42D81D5B000E5EA47 /* ListProtocolUIUITests */ = {
			isa = PBXNativeTarget;
			buildConfigurationList = 4A4394D52D81D5B000E5EA47 /* Build configuration list for PBXNativeTarget "ListProtocolUIUITests" */;
			buildPhases = (
				4A4394C12D81D5B000E5EA47 /* Sources */,
				4A4394C22D81D5B000E5EA47 /* Frameworks */,
				4A4394C32D81D5B000E5EA47 /* Resources */,
			);
			buildRules = (
			);
			dependencies = (
				4A4394C72D81D5B000E5EA47 /* PBXTargetDependency */,
			);
			fileSystemSynchronizedGroups = (
				4A4394C82D81D5B000E5EA47 /* ListProtocolUIUITests */,
			);
			name = ListProtocolUIUITests;
			packageProductDependencies = (
			);
			productName = ListProtocolUIUITests;
			productReference = 4A4394C52D81D5B000E5EA47 /* ListProtocolUIUITests.xctest */;
			productType = "com.apple.product-type.bundle.ui-testing";
		};
/* End PBXNativeTarget section */

/* Begin PBXProject section */
		4A4394A22D81D5AF00E5EA47 /* Project object */ = {
			isa = PBXProject;
			attributes = {
				BuildIndependentTargetsInParallel = 1;
				LastSwiftUpdateCheck = 1620;
				LastUpgradeCheck = 1620;
				TargetAttributes = {
					4A4394A92D81D5AF00E5EA47 = {
						CreatedOnToolsVersion = 16.2;
					};
					4A4394BA2D81D5B000E5EA47 = {
						CreatedOnToolsVersion = 16.2;
						TestTargetID = 4A4394A92D81D5AF00E5EA47;
					};
					4A4394C42D81D5B000E5EA47 = {
						CreatedOnToolsVersion = 16.2;
						TestTargetID = 4A4394A92D81D5AF00E5EA47;
					};
				};
			};
			buildConfigurationList = 4A4394A52D81D5AF00E5EA47 /* Build configuration list for PBXProject "ListProtocolUI" */;
			developmentRegion = en;
			hasScannedForEncodings = 0;
			knownRegions = (
				en,
				Base,
			);
			mainGroup = 4A4394A12D81D5AF00E5EA47;
			minimizedProjectReferenceProxies = 1;
			preferredProjectObjectVersion = 77;
			productRefGroup = 4A4394AB2D81D5AF00E5EA47 /* Products */;
			projectDirPath = "";
			projectRoot = "";
			targets = (
				4A4394A92D81D5AF00E5EA47 /* ListProtocolUI */,
				4A4394BA2D81D5B000E5EA47 /* ListProtocolUITests */,
				4A4394C42D81D5B000E5EA47 /* ListProtocolUIUITests */,
			);
		};
/* End PBXProject section */

/* Begin PBXResourcesBuildPhase section */
		4A4394A82D81D5AF00E5EA47 /* Resources */ = {
			isa = PBXResourcesBuildPhase;
			buildActionMask = 2147483647;
			files = (
				4AE6AE142D83730E00C1EBDF /* README.md in Resources */,
				4A4395192D8340A400E5EA47 /* Preview Assets.xcassets in Resources */,
				4A43951A2D8340A400E5EA47 /* Assets.xcassets in Resources */,
			);
			runOnlyForDeploymentPostprocessing = 0;
		};
		4A4394B92D81D5B000E5EA47 /* Resources */ = {
			isa = PBXResourcesBuildPhase;
			buildActionMask = 2147483647;
			files = (
			);
			runOnlyForDeploymentPostprocessing = 0;
		};
		4A4394C32D81D5B000E5EA47 /* Resources */ = {
			isa = PBXResourcesBuildPhase;
			buildActionMask = 2147483647;
			files = (
			);
			runOnlyForDeploymentPostprocessing = 0;
		};
/* End PBXResourcesBuildPhase section */

/* Begin PBXSourcesBuildPhase section */
		4A4394A62D81D5AF00E5EA47 /* Sources */ = {
			isa = PBXSourcesBuildPhase;
			buildActionMask = 2147483647;
			files = (
				4AE6AE102D836E0500C1EBDF /* EditableListView.swift in Sources */,
				4AE6AE122D83708D00C1EBDF /* EditableRowProtocol.swift in Sources */,
				4AB57C622D835C65004E1301 /* EditableRow.swift in Sources */,
				4A43951B2D8340A400E5EA47 /* EditableList.swift in Sources */,
				4A43951C2D8340A400E5EA47 /* ContentView.swift in Sources */,
				4AE6AE0A2D83647C00C1EBDF /* EditableRowView.swift in Sources */,
				4A43951E2D8340A400E5EA47 /* EditableListProtocol.swift in Sources */,
				4A43951F2D8340A400E5EA47 /* ListProtocolUIApp.swift in Sources */,
			);
			runOnlyForDeploymentPostprocessing = 0;
		};
		4A4394B72D81D5B000E5EA47 /* Sources */ = {
			isa = PBXSourcesBuildPhase;
			buildActionMask = 2147483647;
			files = (
			);
			runOnlyForDeploymentPostprocessing = 0;
		};
		4A4394C12D81D5B000E5EA47 /* Sources */ = {
			isa = PBXSourcesBuildPhase;
			buildActionMask = 2147483647;
			files = (
			);
			runOnlyForDeploymentPostprocessing = 0;
		};
/* End PBXSourcesBuildPhase section */

/* Begin PBXTargetDependency section */
		4A4394BD2D81D5B000E5EA47 /* PBXTargetDependency */ = {
			isa = PBXTargetDependency;
			target = 4A4394A92D81D5AF00E5EA47 /* ListProtocolUI */;
			targetProxy = 4A4394BC2D81D5B000E5EA47 /* PBXContainerItemProxy */;
		};
		4A4394C72D81D5B000E5EA47 /* PBXTargetDependency */ = {
			isa = PBXTargetDependency;
			target = 4A4394A92D81D5AF00E5EA47 /* ListProtocolUI */;
			targetProxy = 4A4394C62D81D5B000E5EA47 /* PBXContainerItemProxy */;
		};
/* End PBXTargetDependency section */

/* Begin XCBuildConfiguration section */
		4A4394CD2D81D5B000E5EA47 /* Debug */ = {
			isa = XCBuildConfiguration;
			buildSettings = {
				ALWAYS_SEARCH_USER_PATHS = NO;
				ASSETCATALOG_COMPILER_GENERATE_SWIFT_ASSET_SYMBOL_EXTENSIONS = YES;
				CLANG_ANALYZER_NONNULL = YES;
				CLANG_ANALYZER_NUMBER_OBJECT_CONVERSION = YES_AGGRESSIVE;
				CLANG_CXX_LANGUAGE_STANDARD = "gnu++20";
				CLANG_ENABLE_MODULES = YES;
				CLANG_ENABLE_OBJC_ARC = YES;
				CLANG_ENABLE_OBJC_WEAK = YES;
				CLANG_WARN_BLOCK_CAPTURE_AUTORELEASING = YES;
				CLANG_WARN_BOOL_CONVERSION = YES;
				CLANG_WARN_COMMA = YES;
				CLANG_WARN_CONSTANT_CONVERSION = YES;
				CLANG_WARN_DEPRECATED_OBJC_IMPLEMENTATIONS = YES;
				CLANG_WARN_DIRECT_OBJC_ISA_USAGE = YES_ERROR;
				CLANG_WARN_DOCUMENTATION_COMMENTS = YES;
				CLANG_WARN_EMPTY_BODY = YES;
				CLANG_WARN_ENUM_CONVERSION = YES;
				CLANG_WARN_INFINITE_RECURSION = YES;
				CLANG_WARN_INT_CONVERSION = YES;
				CLANG_WARN_NON_LITERAL_NULL_CONVERSION = YES;
				CLANG_WARN_OBJC_IMPLICIT_RETAIN_SELF = YES;
				CLANG_WARN_OBJC_LITERAL_CONVERSION = YES;
				CLANG_WARN_OBJC_ROOT_CLASS = YES_ERROR;
				CLANG_WARN_QUOTED_INCLUDE_IN_FRAMEWORK_HEADER = YES;
				CLANG_WARN_RANGE_LOOP_ANALYSIS = YES;
				CLANG_WARN_STRICT_PROTOTYPES = YES;
				CLANG_WARN_SUSPICIOUS_MOVE = YES;
				CLANG_WARN_UNGUARDED_AVAILABILITY = YES_AGGRESSIVE;
				CLANG_WARN_UNREACHABLE_CODE = YES;
				CLANG_WARN__DUPLICATE_METHOD_MATCH = YES;
				COPY_PHASE_STRIP = NO;
				DEBUG_INFORMATION_FORMAT = dwarf;
				ENABLE_STRICT_OBJC_MSGSEND = YES;
				ENABLE_TESTABILITY = YES;
				ENABLE_USER_SCRIPT_SANDBOXING = YES;
				GCC_C_LANGUAGE_STANDARD = gnu17;
				GCC_DYNAMIC_NO_PIC = NO;
				GCC_NO_COMMON_BLOCKS = YES;
				GCC_OPTIMIZATION_LEVEL = 0;
				GCC_PREPROCESSOR_DEFINITIONS = (
					"DEBUG=1",
					"$(inherited)",
				);
				GCC_WARN_64_TO_32_BIT_CONVERSION = YES;
				GCC_WARN_ABOUT_RETURN_TYPE = YES_ERROR;
				GCC_WARN_UNDECLARED_SELECTOR = YES;
				GCC_WARN_UNINITIALIZED_AUTOS = YES_AGGRESSIVE;
				GCC_WARN_UNUSED_FUNCTION = YES;
				GCC_WARN_UNUSED_VARIABLE = YES;
				LOCALIZATION_PREFERS_STRING_CATALOGS = YES;
				MACOSX_DEPLOYMENT_TARGET = 15.2;
				MTL_ENABLE_DEBUG_INFO = INCLUDE_SOURCE;
				MTL_FAST_MATH = YES;
				ONLY_ACTIVE_ARCH = YES;
				SDKROOT = macosx;
				SWIFT_ACTIVE_COMPILATION_CONDITIONS = "DEBUG $(inherited)";
				SWIFT_OPTIMIZATION_LEVEL = "-Onone";
			};
			name = Debug;
		};
		4A4394CE2D81D5B000E5EA47 /* Release */ = {
			isa = XCBuildConfiguration;
			buildSettings = {
				ALWAYS_SEARCH_USER_PATHS = NO;
				ASSETCATALOG_COMPILER_GENERATE_SWIFT_ASSET_SYMBOL_EXTENSIONS = YES;
				CLANG_ANALYZER_NONNULL = YES;
				CLANG_ANALYZER_NUMBER_OBJECT_CONVERSION = YES_AGGRESSIVE;
				CLANG_CXX_LANGUAGE_STANDARD = "gnu++20";
				CLANG_ENABLE_MODULES = YES;
				CLANG_ENABLE_OBJC_ARC = YES;
				CLANG_ENABLE_OBJC_WEAK = YES;
				CLANG_WARN_BLOCK_CAPTURE_AUTORELEASING = YES;
				CLANG_WARN_BOOL_CONVERSION = YES;
				CLANG_WARN_COMMA = YES;
				CLANG_WARN_CONSTANT_CONVERSION = YES;
				CLANG_WARN_DEPRECATED_OBJC_IMPLEMENTATIONS = YES;
				CLANG_WARN_DIRECT_OBJC_ISA_USAGE = YES_ERROR;
				CLANG_WARN_DOCUMENTATION_COMMENTS = YES;
				CLANG_WARN_EMPTY_BODY = YES;
				CLANG_WARN_ENUM_CONVERSION = YES;
				CLANG_WARN_INFINITE_RECURSION = YES;
				CLANG_WARN_INT_CONVERSION = YES;
				CLANG_WARN_NON_LITERAL_NULL_CONVERSION = YES;
				CLANG_WARN_OBJC_IMPLICIT_RETAIN_SELF = YES;
				CLANG_WARN_OBJC_LITERAL_CONVERSION = YES;
				CLANG_WARN_OBJC_ROOT_CLASS = YES_ERROR;
				CLANG_WARN_QUOTED_INCLUDE_IN_FRAMEWORK_HEADER = YES;
				CLANG_WARN_RANGE_LOOP_ANALYSIS = YES;
				CLANG_WARN_STRICT_PROTOTYPES = YES;
				CLANG_WARN_SUSPICIOUS_MOVE = YES;
				CLANG_WARN_UNGUARDED_AVAILABILITY = YES_AGGRESSIVE;
				CLANG_WARN_UNREACHABLE_CODE = YES;
				CLANG_WARN__DUPLICATE_METHOD_MATCH = YES;
				COPY_PHASE_STRIP = NO;
				DEBUG_INFORMATION_FORMAT = "dwarf-with-dsym";
				ENABLE_NS_ASSERTIONS = NO;
				ENABLE_STRICT_OBJC_MSGSEND = YES;
				ENABLE_USER_SCRIPT_SANDBOXING = YES;
				GCC_C_LANGUAGE_STANDARD = gnu17;
				GCC_NO_COMMON_BLOCKS = YES;
				GCC_WARN_64_TO_32_BIT_CONVERSION = YES;
				GCC_WARN_ABOUT_RETURN_TYPE = YES_ERROR;
				GCC_WARN_UNDECLARED_SELECTOR = YES;
				GCC_WARN_UNINITIALIZED_AUTOS = YES_AGGRESSIVE;
				GCC_WARN_UNUSED_FUNCTION = YES;
				GCC_WARN_UNUSED_VARIABLE = YES;
				LOCALIZATION_PREFERS_STRING_CATALOGS = YES;
				MACOSX_DEPLOYMENT_TARGET = 15.2;
				MTL_ENABLE_DEBUG_INFO = NO;
				MTL_FAST_MATH = YES;
				SDKROOT = macosx;
				SWIFT_COMPILATION_MODE = wholemodule;
			};
			name = Release;
		};
		4A4394D02D81D5B000E5EA47 /* Debug */ = {
			isa = XCBuildConfiguration;
			buildSettings = {
				ASSETCATALOG_COMPILER_APPICON_NAME = AppIcon;
				ASSETCATALOG_COMPILER_GLOBAL_ACCENT_COLOR_NAME = AccentColor;
				CODE_SIGN_ENTITLEMENTS = ListProtocolUI/ListProtocolUI.entitlements;
				CODE_SIGN_STYLE = Automatic;
				COMBINE_HIDPI_IMAGES = YES;
				CURRENT_PROJECT_VERSION = 1;
				DEVELOPMENT_ASSET_PATHS = "\"ListProtocolUI/Preview Content\"";
				DEVELOPMENT_TEAM = N8C6R2LX8K;
				ENABLE_HARDENED_RUNTIME = YES;
				ENABLE_PREVIEWS = YES;
				GENERATE_INFOPLIST_FILE = YES;
				INFOPLIST_KEY_NSHumanReadableCopyright = "";
				LD_RUNPATH_SEARCH_PATHS = (
					"$(inherited)",
					"@executable_path/../Frameworks",
				);
				MARKETING_VERSION = 1.0;
				PRODUCT_BUNDLE_IDENTIFIER = com.windbow.ListProtocolUI;
				PRODUCT_NAME = "$(TARGET_NAME)";
				SWIFT_EMIT_LOC_STRINGS = YES;
				SWIFT_VERSION = 5.0;
			};
			name = Debug;
		};
		4A4394D12D81D5B000E5EA47 /* Release */ = {
			isa = XCBuildConfiguration;
			buildSettings = {
				ASSETCATALOG_COMPILER_APPICON_NAME = AppIcon;
				ASSETCATALOG_COMPILER_GLOBAL_ACCENT_COLOR_NAME = AccentColor;
				CODE_SIGN_ENTITLEMENTS = ListProtocolUI/ListProtocolUI.entitlements;
				CODE_SIGN_STYLE = Automatic;
				COMBINE_HIDPI_IMAGES = YES;
				CURRENT_PROJECT_VERSION = 1;
				DEVELOPMENT_ASSET_PATHS = "\"ListProtocolUI/Preview Content\"";
				DEVELOPMENT_TEAM = N8C6R2LX8K;
				ENABLE_HARDENED_RUNTIME = YES;
				ENABLE_PREVIEWS = YES;
				GENERATE_INFOPLIST_FILE = YES;
				INFOPLIST_KEY_NSHumanReadableCopyright = "";
				LD_RUNPATH_SEARCH_PATHS = (
					"$(inherited)",
					"@executable_path/../Frameworks",
				);
				MARKETING_VERSION = 1.0;
				PRODUCT_BUNDLE_IDENTIFIER = com.windbow.ListProtocolUI;
				PRODUCT_NAME = "$(TARGET_NAME)";
				SWIFT_EMIT_LOC_STRINGS = YES;
				SWIFT_VERSION = 5.0;
			};
			name = Release;
		};
		4A4394D32D81D5B000E5EA47 /* Debug */ = {
			isa = XCBuildConfiguration;
			buildSettings = {
				BUNDLE_LOADER = "$(TEST_HOST)";
				CODE_SIGN_STYLE = Automatic;
				CURRENT_PROJECT_VERSION = 1;
				DEVELOPMENT_TEAM = N8C6R2LX8K;
				GENERATE_INFOPLIST_FILE = YES;
				MACOSX_DEPLOYMENT_TARGET = 15.2;
				MARKETING_VERSION = 1.0;
				PRODUCT_BUNDLE_IDENTIFIER = com.windbow.ListProtocolUITests;
				PRODUCT_NAME = "$(TARGET_NAME)";
				SWIFT_EMIT_LOC_STRINGS = NO;
				SWIFT_VERSION = 5.0;
				TEST_HOST = "$(BUILT_PRODUCTS_DIR)/ListProtocolUI.app/$(BUNDLE_EXECUTABLE_FOLDER_PATH)/ListProtocolUI";
			};
			name = Debug;
		};
		4A4394D42D81D5B000E5EA47 /* Release */ = {
			isa = XCBuildConfiguration;
			buildSettings = {
				BUNDLE_LOADER = "$(TEST_HOST)";
				CODE_SIGN_STYLE = Automatic;
				CURRENT_PROJECT_VERSION = 1;
				DEVELOPMENT_TEAM = N8C6R2LX8K;
				GENERATE_INFOPLIST_FILE = YES;
				MACOSX_DEPLOYMENT_TARGET = 15.2;
				MARKETING_VERSION = 1.0;
				PRODUCT_BUNDLE_IDENTIFIER = com.windbow.ListProtocolUITests;
				PRODUCT_NAME = "$(TARGET_NAME)";
				SWIFT_EMIT_LOC_STRINGS = NO;
				SWIFT_VERSION = 5.0;
				TEST_HOST = "$(BUILT_PRODUCTS_DIR)/ListProtocolUI.app/$(BUNDLE_EXECUTABLE_FOLDER_PATH)/ListProtocolUI";
			};
			name = Release;
		};
		4A4394D62D81D5B000E5EA47 /* Debug */ = {
			isa = XCBuildConfiguration;
			buildSettings = {
				CODE_SIGN_STYLE = Automatic;
				CURRENT_PROJECT_VERSION = 1;
				DEVELOPMENT_TEAM = N8C6R2LX8K;
				GENERATE_INFOPLIST_FILE = YES;
				MARKETING_VERSION = 1.0;
				PRODUCT_BUNDLE_IDENTIFIER = com.windbow.ListProtocolUIUITests;
				PRODUCT_NAME = "$(TARGET_NAME)";
				SWIFT_EMIT_LOC_STRINGS = NO;
				SWIFT_VERSION = 5.0;
				TEST_TARGET_NAME = ListProtocolUI;
			};
			name = Debug;
		};
		4A4394D72D81D5B000E5EA47 /* Release */ = {
			isa = XCBuildConfiguration;
			buildSettings = {
				CODE_SIGN_STYLE = Automatic;
				CURRENT_PROJECT_VERSION = 1;
				DEVELOPMENT_TEAM = N8C6R2LX8K;
				GENERATE_INFOPLIST_FILE = YES;
				MARKETING_VERSION = 1.0;
				PRODUCT_BUNDLE_IDENTIFIER = com.windbow.ListProtocolUIUITests;
				PRODUCT_NAME = "$(TARGET_NAME)";
				SWIFT_EMIT_LOC_STRINGS = NO;
				SWIFT_VERSION = 5.0;
				TEST_TARGET_NAME = ListProtocolUI;
			};
			name = Release;
		};
/* End XCBuildConfiguration section */

/* Begin XCConfigurationList section */
		4A4394A52D81D5AF00E5EA47 /* Build configuration list for PBXProject "ListProtocolUI" */ = {
			isa = XCConfigurationList;
			buildConfigurations = (
				4A4394CD2D81D5B000E5EA47 /* Debug */,
				4A4394CE2D81D5B000E5EA47 /* Release */,
			);
			defaultConfigurationIsVisible = 0;
			defaultConfigurationName = Release;
		};
		4A4394CF2D81D5B000E5EA47 /* Build configuration list for PBXNativeTarget "ListProtocolUI" */ = {
			isa = XCConfigurationList;
			buildConfigurations = (
				4A4394D02D81D5B000E5EA47 /* Debug */,
				4A4394D12D81D5B000E5EA47 /* Release */,
			);
			defaultConfigurationIsVisible = 0;
			defaultConfigurationName = Release;
		};
		4A4394D22D81D5B000E5EA47 /* Build configuration list for PBXNativeTarget "ListProtocolUITests" */ = {
			isa = XCConfigurationList;
			buildConfigurations = (
				4A4394D32D81D5B000E5EA47 /* Debug */,
				4A4394D42D81D5B000E5EA47 /* Release */,
			);
			defaultConfigurationIsVisible = 0;
			defaultConfigurationName = Release;
		};
		4A4394D52D81D5B000E5EA47 /* Build configuration list for PBXNativeTarget "ListProtocolUIUITests" */ = {
			isa = XCConfigurationList;
			buildConfigurations = (
				4A4394D62D81D5B000E5EA47 /* Debug */,
				4A4394D72D81D5B000E5EA47 /* Release */,
			);
			defaultConfigurationIsVisible = 0;
			defaultConfigurationName = Release;
		};
/* End XCConfigurationList section */
	};
	rootObject = 4A4394A22D81D5AF00E5EA47 /* Project object */;
}
